
Microsoft Visual Studio Solution File, Format Version 12.00
# Visual Studio Version 17
VisualStudioVersion = 17.9.34607.119
MinimumVisualStudioVersion = 10.0.40219.1
Project("{8BC9CEB8-8B4A-11D0-8D11-00A0C91BC942}") = "ParadigmaOOP2_0182", "ParadigmaOOP2_0182\ParadigmaOOP2_0182.vcxproj", "{3F62F9FF-3774-44B8-8540-6174255CE780}"
EndProject
Project("{8BC9CEB8-8B4A-11D0-8D11-00A0C91BC942}") = "noOverriding", "noOverriding\noOverriding.vcxproj", "{1CC54403-F6F2-450D-BF7B-90F74CE4AA71}"
EndProject
Project("{8BC9CEB8-8B4A-11D0-8D11-00A0C91BC942}") = "noPewaris", "noPewaris\noPewaris.vcxproj", "{56B927F9-23F2-43BA-AA29-7F6D2B2AFB75}"
EndProject
Project("{8BC9CEB8-8B4A-11D0-8D11-00A0C91BC942}") = "enkapsulasi", "enkapsulasi\enkapsulasi.vcxproj", "{7C415BB1-749D-4D9B-BAC0-B1BB938A7A8A}"
EndProject
Project("{8BC9CEB8-8B4A-11D0-8D11-00A0C91BC942}") = "abstraksi", "abstraksi\abstraksi.vcxproj", "{FFC01C79-9CC3-4100-9FF7-FEFCD8B755D7}"
EndProject
Project("{8BC9CEB8-8B4A-11D0-8D11-00A0C91BC942}") = "AbstraksiHeader", "AbstraksiHeader\AbstraksiHeader.vcxproj", "{F8B64D31-E81A-4F0A-8D02-3676E000D653}"
EndProject
Project("{8BC9CEB8-8B4A-11D0-8D11-00A0C91BC942}") = "multiwaris", "multiwaris\multiwaris.vcxproj", "{26A6804D-9D53-46FE-B38D-24DE6ABFE64A}"
EndProject
Global
	GlobalSection(SolutionConfigurationPlatforms) = preSolution
		Debug|x64 = Debug|x64
		Debug|x86 = Debug|x86
		Release|x64 = Release|x64
		Release|x86 = Release|x86
	EndGlobalSection
	GlobalSection(ProjectConfigurationPlatforms) = postSolution
		{3F62F9FF-3774-44B8-8540-6174255CE780}.Debug|x64.ActiveCfg = Debug|x64
		{3F62F9FF-3774-44B8-8540-6174255CE780}.Debug|x64.Build.0 = Debug|x64
		{3F62F9FF-3774-44B8-8540-6174255CE780}.Debug|x86.ActiveCfg = Debug|Win32
		{3F62F9FF-3774-44B8-8540-6174255CE780}.Debug|x86.Build.0 = Debug|Win32
		{3F62F9FF-3774-44B8-8540-6174255CE780}.Release|x64.ActiveCfg = Release|x64
		{3F62F9FF-3774-44B8-8540-6174255CE780}.Release|x64.Build.0 = Release|x64
		{3F62F9FF-3774-44B8-8540-6174255CE780}.Release|x86.ActiveCfg = Release|Win32
		{3F62F9FF-3774-44B8-8540-6174255CE780}.Release|x86.Build.0 = Release|Win32
		{1CC54403-F6F2-450D-BF7B-90F74CE4AA71}.Debug|x64.ActiveCfg = Debug|x64
		{1CC54403-F6F2-450D-BF7B-90F74CE4AA71}.Debug|x64.Build.0 = Debug|x64
		{1CC54403-F6F2-450D-BF7B-90F74CE4AA71}.Debug|x86.ActiveCfg = Debug|Win32
		{1CC54403-F6F2-450D-BF7B-90F74CE4AA71}.Debug|x86.Build.0 = Debug|Win32
		{1CC54403-F6F2-450D-BF7B-90F74CE4AA71}.Release|x64.ActiveCfg = Release|x64
		{1CC54403-F6F2-450D-BF7B-90F74CE4AA71}.Release|x64.Build.0 = Release|x64
		{1CC54403-F6F2-450D-BF7B-90F74CE4AA71}.Release|x86.ActiveCfg = Release|Win32
		{1CC54403-F6F2-450D-BF7B-90F74CE4AA71}.Release|x86.Build.0 = Release|Win32
		{56B927F9-23F2-43BA-AA29-7F6D2B2AFB75}.Debug|x64.ActiveCfg = Debug|x64
		{56B927F9-23F2-43BA-AA29-7F6D2B2AFB75}.Debug|x64.Build.0 = Debug|x64
		{56B927F9-23F2-43BA-AA29-7F6D2B2AFB75}.Debug|x86.ActiveCfg = Debug|Win32
		{56B927F9-23F2-43BA-AA29-7F6D2B2AFB75}.Debug|x86.Build.0 = Debug|Win32
		{56B927F9-23F2-43BA-AA29-7F6D2B2AFB75}.Release|x64.ActiveCfg = Release|x64
		{56B927F9-23F2-43BA-AA29-7F6D2B2AFB75}.Release|x64.Build.0 = Release|x64
		{56B927F9-23F2-43BA-AA29-7F6D2B2AFB75}.Release|x86.ActiveCfg = Release|Win32
		{56B927F9-23F2-43BA-AA29-7F6D2B2AFB75}.Release|x86.Build.0 = Release|Win32
		{7C415BB1-749D-4D9B-BAC0-B1BB938A7A8A}.Debug|x64.ActiveCfg = Debug|x64
		{7C415BB1-749D-4D9B-BAC0-B1BB938A7A8A}.Debug|x64.Build.0 = Debug|x64
		{7C415BB1-749D-4D9B-BAC0-B1BB938A7A8A}.Debug|x86.ActiveCfg = Debug|Win32
		{7C415BB1-749D-4D9B-BAC0-B1BB938A7A8A}.Debug|x86.Build.0 = Debug|Win32
		{7C415BB1-749D-4D9B-BAC0-B1BB938A7A8A}.Release|x64.ActiveCfg = Release|x64
		{7C415BB1-749D-4D9B-BAC0-B1BB938A7A8A}.Release|x64.Build.0 = Release|x64
		{7C415BB1-749D-4D9B-BAC0-B1BB938A7A8A}.Release|x86.ActiveCfg = Release|Win32
		{7C415BB1-749D-4D9B-BAC0-B1BB938A7A8A}.Release|x86.Build.0 = Release|Win32
		{FFC01C79-9CC3-4100-9FF7-FEFCD8B755D7}.Debug|x64.ActiveCfg = Debug|x64
		{FFC01C79-9CC3-4100-9FF7-FEFCD8B755D7}.Debug|x64.Build.0 = Debug|x64
		{FFC01C79-9CC3-4100-9FF7-FEFCD8B755D7}.Debug|x86.ActiveCfg = Debug|Win32
		{FFC01C79-9CC3-4100-9FF7-FEFCD8B755D7}.Debug|x86.Build.0 = Debug|Win32
		{FFC01C79-9CC3-4100-9FF7-FEFCD8B755D7}.Release|x64.ActiveCfg = Release|x64
		{FFC01C79-9CC3-4100-9FF7-FEFCD8B755D7}.Release|x64.Build.0 = Release|x64
		{FFC01C79-9CC3-4100-9FF7-FEFCD8B755D7}.Release|x86.ActiveCfg = Release|Win32
		{FFC01C79-9CC3-4100-9FF7-FEFCD8B755D7}.Release|x86.Build.0 = Release|Win32
		{F8B64D31-E81A-4F0A-8D02-3676E000D653}.Debug|x64.ActiveCfg = Debug|x64
		{F8B64D31-E81A-4F0A-8D02-3676E000D653}.Debug|x64.Build.0 = Debug|x64
		{F8B64D31-E81A-4F0A-8D02-3676E000D653}.Debug|x86.ActiveCfg = Debug|Win32
		{F8B64D31-E81A-4F0A-8D02-3676E000D653}.Debug|x86.Build.0 = Debug|Win32
		{F8B64D31-E81A-4F0A-8D02-3676E000D653}.Release|x64.ActiveCfg = Release|x64
		{F8B64D31-E81A-4F0A-8D02-3676E000D653}.Release|x64.Build.0 = Release|x64
		{F8B64D31-E81A-4F0A-8D02-3676E000D653}.Release|x86.ActiveCfg = Release|Win32
		{F8B64D31-E81A-4F0A-8D02-3676E000D653}.Release|x86.Build.0 = Release|Win32
		{26A6804D-9D53-46FE-B38D-24DE6ABFE64A}.Debug|x64.ActiveCfg = Debug|x64
		{26A6804D-9D53-46FE-B38D-24DE6ABFE64A}.Debug|x64.Build.0 = Debug|x64
		{26A6804D-9D53-46FE-B38D-24DE6ABFE64A}.Debug|x86.ActiveCfg = Debug|Win32
		{26A6804D-9D53-46FE-B38D-24DE6ABFE64A}.Debug|x86.Build.0 = Debug|Win32
		{26A6804D-9D53-46FE-B38D-24DE6ABFE64A}.Release|x64.ActiveCfg = Release|x64
		{26A6804D-9D53-46FE-B38D-24DE6ABFE64A}.Release|x64.Build.0 = Release|x64
		{26A6804D-9D53-46FE-B38D-24DE6ABFE64A}.Release|x86.ActiveCfg = Release|Win32
		{26A6804D-9D53-46FE-B38D-24DE6ABFE64A}.Release|x86.Build.0 = Release|Win32
	EndGlobalSection
	GlobalSection(SolutionProperties) = preSolution
		HideSolutionNode = FALSE
	EndGlobalSection
	GlobalSection(ExtensibilityGlobals) = postSolution
		SolutionGuid = {157114A7-DA39-4940-A5C0-4C201109508F}
	EndGlobalSection
EndGlobal
