
Microsoft Visual Studio Solution File, Format Version 12.00
# Visual Studio Version 17
VisualStudioVersion = 17.9.34607.119
MinimumVisualStudioVersion = 10.0.40219.1
Project("{8BC9CEB8-8B4A-11D0-8D11-00A0C91BC942}") = "ParadigmaOOP2_0182", "ParadigmaOOP2_0182\ParadigmaOOP2_0182.vcxproj", "{3F62F9FF-3774-44B8-8540-6174255CE780}"
EndProject
Project("{8BC9CEB8-8B4A-11D0-8D11-00A0C91BC942}") = "noOverriding", "noOverriding\noOverriding.vcxproj", "{1CC54403-F6F2-450D-BF7B-90F74CE4AA71}"
EndProject
Global
	GlobalSection(SolutionConfigurationPlatforms) = preSolution
		Debug|x64 = Debug|x64
		Debug|x86 = Debug|x86
		Release|x64 = Release|x64
		Release|x86 = Release|x86
	EndGlobalSection
	GlobalSection(ProjectConfigurationPlatforms) = postSolution
		{3F62F9FF-3774-44B8-8540-6174255CE780}.Debug|x64.ActiveCfg = Debug|x64
		{3F62F9FF-3774-44B8-8540-6174255CE780}.Debug|x64.Build.0 = Debug|x64
		{3F62F9FF-3774-44B8-8540-6174255CE780}.Debug|x86.ActiveCfg = Debug|Win32
		{3F62F9FF-3774-44B8-8540-6174255CE780}.Debug|x86.Build.0 = Debug|Win32
		{3F62F9FF-3774-44B8-8540-6174255CE780}.Release|x64.ActiveCfg = Release|x64
		{3F62F9FF-3774-44B8-8540-6174255CE780}.Release|x64.Build.0 = Release|x64
		{3F62F9FF-3774-44B8-8540-6174255CE780}.Release|x86.ActiveCfg = Release|Win32
		{3F62F9FF-3774-44B8-8540-6174255CE780}.Release|x86.Build.0 = Release|Win32
		{1CC54403-F6F2-450D-BF7B-90F74CE4AA71}.Debug|x64.ActiveCfg = Debug|x64
		{1CC54403-F6F2-450D-BF7B-90F74CE4AA71}.Debug|x64.Build.0 = Debug|x64
		{1CC54403-F6F2-450D-BF7B-90F74CE4AA71}.Debug|x86.ActiveCfg = Debug|Win32
		{1CC54403-F6F2-450D-BF7B-90F74CE4AA71}.Debug|x86.Build.0 = Debug|Win32
		{1CC54403-F6F2-450D-BF7B-90F74CE4AA71}.Release|x64.ActiveCfg = Release|x64
		{1CC54403-F6F2-450D-BF7B-90F74CE4AA71}.Release|x64.Build.0 = Release|x64
		{1CC54403-F6F2-450D-BF7B-90F74CE4AA71}.Release|x86.ActiveCfg = Release|Win32
		{1CC54403-F6F2-450D-BF7B-90F74CE4AA71}.Release|x86.Build.0 = Release|Win32
	EndGlobalSection
	GlobalSection(SolutionProperties) = preSolution
		HideSolutionNode = FALSE
	EndGlobalSection
	GlobalSection(ExtensibilityGlobals) = postSolution
		SolutionGuid = {157114A7-DA39-4940-A5C0-4C201109508F}
	EndGlobalSection
EndGlobal
